
Microsoft Visual Studio Solution File, Format Version 12.00
# Visual Studio Version 17
VisualStudioVersion = 17.3.32811.315
MinimumVisualStudioVersion = 10.0.40219.1
Project("{9A19103F-16F7-4668-BE54-9A1E7A4F7556}") = "Yulvium2.0", "Yulvium2.0\Yulvium2.0.csproj", "{9893ED58-EF35-468B-8B88-62AA31C3630C}"
EndProject
Project("{54435603-DBB4-11D2-8724-00A0C9A8B90C}") = "Setup2", "Setup2\Setup2.vdproj", "{1A52CFA1-55F7-4A10-8035-53320E25C6DE}"
EndProject
Global
	GlobalSection(SolutionConfigurationPlatforms) = preSolution
		Debug|Any CPU = Debug|Any CPU
		Release|Any CPU = Release|Any CPU
	EndGlobalSection
	GlobalSection(ProjectConfigurationPlatforms) = postSolution
		{9893ED58-EF35-468B-8B88-62AA31C3630C}.Debug|Any CPU.ActiveCfg = Debug|Any CPU
		{9893ED58-EF35-468B-8B88-62AA31C3630C}.Debug|Any CPU.Build.0 = Debug|Any CPU
		{9893ED58-EF35-468B-8B88-62AA31C3630C}.Release|Any CPU.ActiveCfg = Release|Any CPU
		{9893ED58-EF35-468B-8B88-62AA31C3630C}.Release|Any CPU.Build.0 = Release|Any CPU
		{1A52CFA1-55F7-4A10-8035-53320E25C6DE}.Debug|Any CPU.ActiveCfg = Debug
		{1A52CFA1-55F7-4A10-8035-53320E25C6DE}.Release|Any CPU.ActiveCfg = Release
	EndGlobalSection
	GlobalSection(SolutionProperties) = preSolution
		HideSolutionNode = FALSE
	EndGlobalSection
	GlobalSection(ExtensibilityGlobals) = postSolution
		SolutionGuid = {DA393714-A77D-4936-AD21-AE84AF24AD21}
	EndGlobalSection
EndGlobal
